
Microsoft Visual Studio Solution File, Format Version 12.00
# Visual Studio Version 16
VisualStudioVersion = 16.0.31624.102
MinimumVisualStudioVersion = 10.0.40219.1
Project("{FAE04EC0-301F-11D3-BF4B-00C04F79EFBC}") = "1002 - Area of a Circle", "1002 - Area of a Circle\1002 - Area of a Circle.csproj", "{11B89FC7-0152-42DA-B842-3E5235F9F9DE}"
EndProject
Global
	GlobalSection(SolutionConfigurationPlatforms) = preSolution
		Debug|Any CPU = Debug|Any CPU
		Release|Any CPU = Release|Any CPU
	EndGlobalSection
	GlobalSection(ProjectConfigurationPlatforms) = postSolution
		{11B89FC7-0152-42DA-B842-3E5235F9F9DE}.Debug|Any CPU.ActiveCfg = Debug|Any CPU
		{11B89FC7-0152-42DA-B842-3E5235F9F9DE}.Debug|Any CPU.Build.0 = Debug|Any CPU
		{11B89FC7-0152-42DA-B842-3E5235F9F9DE}.Release|Any CPU.ActiveCfg = Release|Any CPU
		{11B89FC7-0152-42DA-B842-3E5235F9F9DE}.Release|Any CPU.Build.0 = Release|Any CPU
	EndGlobalSection
	GlobalSection(SolutionProperties) = preSolution
		HideSolutionNode = FALSE
	EndGlobalSection
	GlobalSection(ExtensibilityGlobals) = postSolution
		SolutionGuid = {83A11CC1-B3AE-4A5A-98CE-77347186F550}
	EndGlobalSection
EndGlobal
