
Microsoft Visual Studio Solution File, Format Version 12.00
# Visual Studio Version 16
VisualStudioVersion = 16.0.31624.102
MinimumVisualStudioVersion = 10.0.40219.1
Project("{FAE04EC0-301F-11D3-BF4B-00C04F79EFBC}") = "1005 - Average 1", "1005 - Average 1\1005 - Average 1.csproj", "{AE7FC0E0-7E97-45CF-842E-BF32698952B5}"
EndProject
Global
	GlobalSection(SolutionConfigurationPlatforms) = preSolution
		Debug|Any CPU = Debug|Any CPU
		Release|Any CPU = Release|Any CPU
	EndGlobalSection
	GlobalSection(ProjectConfigurationPlatforms) = postSolution
		{AE7FC0E0-7E97-45CF-842E-BF32698952B5}.Debug|Any CPU.ActiveCfg = Debug|Any CPU
		{AE7FC0E0-7E97-45CF-842E-BF32698952B5}.Debug|Any CPU.Build.0 = Debug|Any CPU
		{AE7FC0E0-7E97-45CF-842E-BF32698952B5}.Release|Any CPU.ActiveCfg = Release|Any CPU
		{AE7FC0E0-7E97-45CF-842E-BF32698952B5}.Release|Any CPU.Build.0 = Release|Any CPU
	EndGlobalSection
	GlobalSection(SolutionProperties) = preSolution
		HideSolutionNode = FALSE
	EndGlobalSection
	GlobalSection(ExtensibilityGlobals) = postSolution
		SolutionGuid = {B9B5E819-55CE-4D8B-9898-09A46F75D7A6}
	EndGlobalSection
EndGlobal
